
Microsoft Visual Studio Solution File, Format Version 12.00
# Visual Studio Version 16
VisualStudioVersion = 16.0.33927.289
MinimumVisualStudioVersion = 10.0.40219.1
Project("{FAE04EC0-301F-11D3-BF4B-00C04F79EFBC}") = "Nike-Shop-Management", "Nike-Shop-Management.csproj", "{766A84E7-2043-4CD2-942B-A5A22F9E6F7C}"
	ProjectSection(ProjectDependencies) = postProject
		{3020452F-6B1E-4EBE-A5A6-C9F7A9121841} = {3020452F-6B1E-4EBE-A5A6-C9F7A9121841}
		{EC3AB45F-8E6F-4C6B-BE07-0587DC968318} = {EC3AB45F-8E6F-4C6B-BE07-0587DC968318}
		{7C03307F-9F78-47B9-B203-196E5AC42F28} = {7C03307F-9F78-47B9-B203-196E5AC42F28}
		{CCF3B6E5-459D-4A34-B100-FE09F96C9896} = {CCF3B6E5-459D-4A34-B100-FE09F96C9896}
		{5E7353E8-38DD-4339-BFD6-A7377000F394} = {5E7353E8-38DD-4339-BFD6-A7377000F394}
	EndProjectSection
EndProject
Project("{FAE04EC0-301F-11D3-BF4B-00C04F79EFBC}") = "LibDTO", "LibDTO\LibDTO.csproj", "{3020452F-6B1E-4EBE-A5A6-C9F7A9121841}"
EndProject
Project("{FAE04EC0-301F-11D3-BF4B-00C04F79EFBC}") = "LibBLL", "LibBLL\LibBLL.csproj", "{EC3AB45F-8E6F-4C6B-BE07-0587DC968318}"
	ProjectSection(ProjectDependencies) = postProject
		{3020452F-6B1E-4EBE-A5A6-C9F7A9121841} = {3020452F-6B1E-4EBE-A5A6-C9F7A9121841}
		{7C03307F-9F78-47B9-B203-196E5AC42F28} = {7C03307F-9F78-47B9-B203-196E5AC42F28}
		{CCF3B6E5-459D-4A34-B100-FE09F96C9896} = {CCF3B6E5-459D-4A34-B100-FE09F96C9896}
		{5E7353E8-38DD-4339-BFD6-A7377000F394} = {5E7353E8-38DD-4339-BFD6-A7377000F394}
	EndProjectSection
EndProject
Project("{FAE04EC0-301F-11D3-BF4B-00C04F79EFBC}") = "LibDAL", "LibDAL\LibDAL.csproj", "{7C03307F-9F78-47B9-B203-196E5AC42F28}"
EndProject
Project("{FAE04EC0-301F-11D3-BF4B-00C04F79EFBC}") = "MappingLayer", "MappingLayer\MappingLayer.csproj", "{5E7353E8-38DD-4339-BFD6-A7377000F394}"
	ProjectSection(ProjectDependencies) = postProject
		{3020452F-6B1E-4EBE-A5A6-C9F7A9121841} = {3020452F-6B1E-4EBE-A5A6-C9F7A9121841}
		{7C03307F-9F78-47B9-B203-196E5AC42F28} = {7C03307F-9F78-47B9-B203-196E5AC42F28}
	EndProjectSection
EndProject
Project("{FAE04EC0-301F-11D3-BF4B-00C04F79EFBC}") = "LibConstants", "LibConstants\LibConstants.csproj", "{CCF3B6E5-459D-4A34-B100-FE09F96C9896}"
EndProject
Global
	GlobalSection(SolutionConfigurationPlatforms) = preSolution
		Debug|Any CPU = Debug|Any CPU
		Release|Any CPU = Release|Any CPU
	EndGlobalSection
	GlobalSection(ProjectConfigurationPlatforms) = postSolution
		{766A84E7-2043-4CD2-942B-A5A22F9E6F7C}.Debug|Any CPU.ActiveCfg = Debug|Any CPU
		{766A84E7-2043-4CD2-942B-A5A22F9E6F7C}.Debug|Any CPU.Build.0 = Debug|Any CPU
		{766A84E7-2043-4CD2-942B-A5A22F9E6F7C}.Release|Any CPU.ActiveCfg = Release|Any CPU
		{766A84E7-2043-4CD2-942B-A5A22F9E6F7C}.Release|Any CPU.Build.0 = Release|Any CPU
		{3020452F-6B1E-4EBE-A5A6-C9F7A9121841}.Debug|Any CPU.ActiveCfg = Debug|Any CPU
		{3020452F-6B1E-4EBE-A5A6-C9F7A9121841}.Debug|Any CPU.Build.0 = Debug|Any CPU
		{3020452F-6B1E-4EBE-A5A6-C9F7A9121841}.Release|Any CPU.ActiveCfg = Release|Any CPU
		{3020452F-6B1E-4EBE-A5A6-C9F7A9121841}.Release|Any CPU.Build.0 = Release|Any CPU
		{EC3AB45F-8E6F-4C6B-BE07-0587DC968318}.Debug|Any CPU.ActiveCfg = Debug|Any CPU
		{EC3AB45F-8E6F-4C6B-BE07-0587DC968318}.Debug|Any CPU.Build.0 = Debug|Any CPU
		{EC3AB45F-8E6F-4C6B-BE07-0587DC968318}.Release|Any CPU.ActiveCfg = Release|Any CPU
		{EC3AB45F-8E6F-4C6B-BE07-0587DC968318}.Release|Any CPU.Build.0 = Release|Any CPU
		{7C03307F-9F78-47B9-B203-196E5AC42F28}.Debug|Any CPU.ActiveCfg = Debug|Any CPU
		{7C03307F-9F78-47B9-B203-196E5AC42F28}.Debug|Any CPU.Build.0 = Debug|Any CPU
		{7C03307F-9F78-47B9-B203-196E5AC42F28}.Release|Any CPU.ActiveCfg = Release|Any CPU
		{7C03307F-9F78-47B9-B203-196E5AC42F28}.Release|Any CPU.Build.0 = Release|Any CPU
		{5E7353E8-38DD-4339-BFD6-A7377000F394}.Debug|Any CPU.ActiveCfg = Debug|Any CPU
		{5E7353E8-38DD-4339-BFD6-A7377000F394}.Debug|Any CPU.Build.0 = Debug|Any CPU
		{5E7353E8-38DD-4339-BFD6-A7377000F394}.Release|Any CPU.ActiveCfg = Release|Any CPU
		{5E7353E8-38DD-4339-BFD6-A7377000F394}.Release|Any CPU.Build.0 = Release|Any CPU
		{CCF3B6E5-459D-4A34-B100-FE09F96C9896}.Debug|Any CPU.ActiveCfg = Debug|Any CPU
		{CCF3B6E5-459D-4A34-B100-FE09F96C9896}.Debug|Any CPU.Build.0 = Debug|Any CPU
		{CCF3B6E5-459D-4A34-B100-FE09F96C9896}.Release|Any CPU.ActiveCfg = Release|Any CPU
		{CCF3B6E5-459D-4A34-B100-FE09F96C9896}.Release|Any CPU.Build.0 = Release|Any CPU
	EndGlobalSection
	GlobalSection(SolutionProperties) = preSolution
		HideSolutionNode = FALSE
	EndGlobalSection
	GlobalSection(ExtensibilityGlobals) = postSolution
		SolutionGuid = {97DEAF12-13C9-421A-BDCC-5BF4ACFF9E95}
	EndGlobalSection
EndGlobal
